
Microsoft Visual Studio Solution File, Format Version 12.00
# Visual Studio Version 17
VisualStudioVersion = 17.6.33723.286
MinimumVisualStudioVersion = 10.0.40219.1
Project("{FAE04EC0-301F-11D3-BF4B-00C04F79EFBC}") = "ComeNet", "ComeNet\ComeNet.csproj", "{2C5DDD05-1CC6-4452-8809-7D78FC3D00DD}"
EndProject
Global
	GlobalSection(SolutionConfigurationPlatforms) = preSolution
		Debug|Any CPU = Debug|Any CPU
		Release|Any CPU = Release|Any CPU
	EndGlobalSection
	GlobalSection(ProjectConfigurationPlatforms) = postSolution
		{2C5DDD05-1CC6-4452-8809-7D78FC3D00DD}.Debug|Any CPU.ActiveCfg = Debug|Any CPU
		{2C5DDD05-1CC6-4452-8809-7D78FC3D00DD}.Debug|Any CPU.Build.0 = Debug|Any CPU
		{2C5DDD05-1CC6-4452-8809-7D78FC3D00DD}.Release|Any CPU.ActiveCfg = Release|Any CPU
		{2C5DDD05-1CC6-4452-8809-7D78FC3D00DD}.Release|Any CPU.Build.0 = Release|Any CPU
	EndGlobalSection
	GlobalSection(SolutionProperties) = preSolution
		HideSolutionNode = FALSE
	EndGlobalSection
	GlobalSection(ExtensibilityGlobals) = postSolution
		SolutionGuid = {FB1815E9-09F9-4ACA-B7BC-49F19569D134}
	EndGlobalSection
EndGlobal
